// !$*UTF8*$!
{
	archiveVersion = 1;
	classes = {
	};
	objectVersion = 50;
	objects = {

/* Begin PBXBuildFile section */
		08541B5A221E96E700786A1B /* AppDelegate.swift in Sources */ = {isa = PBXBuildFile; fileRef = 08541B59221E96E700786A1B /* AppDelegate.swift */; };
		08541B5C221E96E700786A1B /* ChecklistViewController.swift in Sources */ = {isa = PBXBuildFile; fileRef = 08541B5B221E96E700786A1B /* ChecklistViewController.swift */; };
		08541B5F221E96E700786A1B /* Main.storyboard in Resources */ = {isa = PBXBuildFile; fileRef = 08541B5D221E96E700786A1B /* Main.storyboard */; };
		08541B61221E96E700786A1B /* Assets.xcassets in Resources */ = {isa = PBXBuildFile; fileRef = 08541B60221E96E700786A1B /* Assets.xcassets */; };
		08541B64221E96E700786A1B /* LaunchScreen.storyboard in Resources */ = {isa = PBXBuildFile; fileRef = 08541B62221E96E700786A1B /* LaunchScreen.storyboard */; };
		08541B6F221E96E700786A1B /* Check_Lists_swiftTests.swift in Sources */ = {isa = PBXBuildFile; fileRef = 08541B6E221E96E700786A1B /* Check_Lists_swiftTests.swift */; };
		08541B7A221E96E800786A1B /* Check_Lists_swiftUITests.swift in Sources */ = {isa = PBXBuildFile; fileRef = 08541B79221E96E800786A1B /* Check_Lists_swiftUITests.swift */; };
		08541B8B221EA94F00786A1B /* ChecklistItem.swift in Sources */ = {isa = PBXBuildFile; fileRef = 08541B8A221EA94F00786A1B /* ChecklistItem.swift */; };
		08541B91221EF9C500786A1B /* AddItemViewController.swift in Sources */ = {isa = PBXBuildFile; fileRef = 08541B90221EF9C500786A1B /* AddItemViewController.swift */; };
/* End PBXBuildFile section */

/* Begin PBXContainerItemProxy section */
		08541B6B221E96E700786A1B /* PBXContainerItemProxy */ = {
			isa = PBXContainerItemProxy;
			containerPortal = 08541B4E221E96E600786A1B /* Project object */;
			proxyType = 1;
			remoteGlobalIDString = 08541B55221E96E700786A1B;
			remoteInfo = Check_Lists_swift;
		};
		08541B76221E96E800786A1B /* PBXContainerItemProxy */ = {
			isa = PBXContainerItemProxy;
			containerPortal = 08541B4E221E96E600786A1B /* Project object */;
			proxyType = 1;
			remoteGlobalIDString = 08541B55221E96E700786A1B;
			remoteInfo = Check_Lists_swift;
		};
/* End PBXContainerItemProxy section */

/* Begin PBXFileReference section */
		08541B56221E96E700786A1B /* Check_Lists_swift.app */ = {isa = PBXFileReference; explicitFileType = wrapper.application; includeInIndex = 0; path = Check_Lists_swift.app; sourceTree = BUILT_PRODUCTS_DIR; };
		08541B59221E96E700786A1B /* AppDelegate.swift */ = {isa = PBXFileReference; lastKnownFileType = sourcecode.swift; path = AppDelegate.swift; sourceTree = "<group>"; };
		08541B5B221E96E700786A1B /* ChecklistViewController.swift */ = {isa = PBXFileReference; lastKnownFileType = sourcecode.swift; path = ChecklistViewController.swift; sourceTree = "<group>"; };
		08541B5E221E96E700786A1B /* Base */ = {isa = PBXFileReference; lastKnownFileType = file.storyboard; name = Base; path = Base.lproj/Main.storyboard; sourceTree = "<group>"; };
		08541B60221E96E700786A1B /* Assets.xcassets */ = {isa = PBXFileReference; lastKnownFileType = folder.assetcatalog; path = Assets.xcassets; sourceTree = "<group>"; };
		08541B63221E96E700786A1B /* Base */ = {isa = PBXFileReference; lastKnownFileType = file.storyboard; name = Base; path = Base.lproj/LaunchScreen.storyboard; sourceTree = "<group>"; };
		08541B65221E96E700786A1B /* Info.plist */ = {isa = PBXFileReference; lastKnownFileType = text.plist.xml; path = Info.plist; sourceTree = "<group>"; };
		08541B6A221E96E700786A1B /* Check_Lists_swiftTests.xctest */ = {isa = PBXFileReference; explicitFileType = wrapper.cfbundle; includeInIndex = 0; path = Check_Lists_swiftTests.xctest; sourceTree = BUILT_PRODUCTS_DIR; };
		08541B6E221E96E700786A1B /* Check_Lists_swiftTests.swift */ = {isa = PBXFileReference; lastKnownFileType = sourcecode.swift; path = Check_Lists_swiftTests.swift; sourceTree = "<group>"; };
		08541B70221E96E700786A1B /* Info.plist */ = {isa = PBXFileReference; lastKnownFileType = text.plist.xml; path = Info.plist; sourceTree = "<group>"; };
		08541B75221E96E800786A1B /* Check_Lists_swiftUITests.xctest */ = {isa = PBXFileReference; explicitFileType = wrapper.cfbundle; includeInIndex = 0; path = Check_Lists_swiftUITests.xctest; sourceTree = BUILT_PRODUCTS_DIR; };
		08541B79221E96E800786A1B /* Check_Lists_swiftUITests.swift */ = {isa = PBXFileReference; lastKnownFileType = sourcecode.swift; path = Check_Lists_swiftUITests.swift; sourceTree = "<group>"; };
		08541B7B221E96E800786A1B /* Info.plist */ = {isa = PBXFileReference; lastKnownFileType = text.plist.xml; path = Info.plist; sourceTree = "<group>"; };
		08541B8A221EA94F00786A1B /* ChecklistItem.swift */ = {isa = PBXFileReference; lastKnownFileType = sourcecode.swift; path = ChecklistItem.swift; sourceTree = "<group>"; };
		08541B90221EF9C500786A1B /* AddItemViewController.swift */ = {isa = PBXFileReference; lastKnownFileType = sourcecode.swift; path = AddItemViewController.swift; sourceTree = "<group>"; };
/* End PBXFileReference section */

/* Begin PBXFrameworksBuildPhase section */
		08541B53221E96E700786A1B /* Frameworks */ = {
			isa = PBXFrameworksBuildPhase;
			buildActionMask = 2147483647;
			files = (
			);
			runOnlyForDeploymentPostprocessing = 0;
		};
		08541B67221E96E700786A1B /* Frameworks */ = {
			isa = PBXFrameworksBuildPhase;
			buildActionMask = 2147483647;
			files = (
			);
			runOnlyForDeploymentPostprocessing = 0;
		};
		08541B72221E96E800786A1B /* Frameworks */ = {
			isa = PBXFrameworksBuildPhase;
			buildActionMask = 2147483647;
			files = (
			);
			runOnlyForDeploymentPostprocessing = 0;
		};
/* End PBXFrameworksBuildPhase section */

/* Begin PBXGroup section */
		08541B4D221E96E600786A1B = {
			isa = PBXGroup;
			children = (
				08541B58221E96E700786A1B /* Check_Lists_swift */,
				08541B6D221E96E700786A1B /* Check_Lists_swiftTests */,
				08541B78221E96E800786A1B /* Check_Lists_swiftUITests */,
				08541B57221E96E700786A1B /* Products */,
			);
			sourceTree = "<group>";
		};
		08541B57221E96E700786A1B /* Products */ = {
			isa = PBXGroup;
			children = (
				08541B56221E96E700786A1B /* Check_Lists_swift.app */,
				08541B6A221E96E700786A1B /* Check_Lists_swiftTests.xctest */,
				08541B75221E96E800786A1B /* Check_Lists_swiftUITests.xctest */,
			);
			name = Products;
			sourceTree = "<group>";
		};
		08541B58221E96E700786A1B /* Check_Lists_swift */ = {
			isa = PBXGroup;
			children = (
				08541BD6221FEBD400786A1B /* Supporting files */,
				08541B89221EA76000786A1B /* Controllers */,
				08541B88221EA75200786A1B /* Views */,
				08541B87221EA74000786A1B /* Models */,
				08541B59221E96E700786A1B /* AppDelegate.swift */,
				08541B62221E96E700786A1B /* LaunchScreen.storyboard */,
				08541B65221E96E700786A1B /* Info.plist */,
			);
			path = Check_Lists_swift;
			sourceTree = "<group>";
		};
		08541B6D221E96E700786A1B /* Check_Lists_swiftTests */ = {
			isa = PBXGroup;
			children = (
				08541B6E221E96E700786A1B /* Check_Lists_swiftTests.swift */,
				08541B70221E96E700786A1B /* Info.plist */,
			);
			path = Check_Lists_swiftTests;
			sourceTree = "<group>";
		};
		08541B78221E96E800786A1B /* Check_Lists_swiftUITests */ = {
			isa = PBXGroup;
			children = (
				08541B79221E96E800786A1B /* Check_Lists_swiftUITests.swift */,
				08541B7B221E96E800786A1B /* Info.plist */,
			);
			path = Check_Lists_swiftUITests;
			sourceTree = "<group>";
		};
		08541B87221EA74000786A1B /* Models */ = {
			isa = PBXGroup;
			children = (
				08541B8A221EA94F00786A1B /* ChecklistItem.swift */,
			);
			path = Models;
			sourceTree = "<group>";
		};
		08541B88221EA75200786A1B /* Views */ = {
			isa = PBXGroup;
			children = (
				08541B5D221E96E700786A1B /* Main.storyboard */,
			);
			path = Views;
			sourceTree = "<group>";
		};
		08541B89221EA76000786A1B /* Controllers */ = {
			isa = PBXGroup;
			children = (
				08541B5B221E96E700786A1B /* ChecklistViewController.swift */,
				08541B90221EF9C500786A1B /* AddItemViewController.swift */,
			);
			path = Controllers;
			sourceTree = "<group>";
		};
		08541BD6221FEBD400786A1B /* Supporting files */ = {
			isa = PBXGroup;
			children = (
				08541B60221E96E700786A1B /* Assets.xcassets */,
			);
			path = "Supporting files";
			sourceTree = "<group>";
		};
/* End PBXGroup section */

/* Begin PBXNativeTarget section */
		08541B55221E96E700786A1B /* Check_Lists_swift */ = {
			isa = PBXNativeTarget;
			buildConfigurationList = 08541B7E221E96E800786A1B /* Build configuration list for PBXNativeTarget "Check_Lists_swift" */;
			buildPhases = (
				08541B52221E96E700786A1B /* Sources */,
				08541B53221E96E700786A1B /* Frameworks */,
				08541B54221E96E700786A1B /* Resources */,
			);
			buildRules = (
			);
			dependencies = (
			);
			name = Check_Lists_swift;
			productName = Check_Lists_swift;
			productReference = 08541B56221E96E700786A1B /* Check_Lists_swift.app */;
			productType = "com.apple.product-type.application";
		};
		08541B69221E96E700786A1B /* Check_Lists_swiftTests */ = {
			isa = PBXNativeTarget;
			buildConfigurationList = 08541B81221E96E800786A1B /* Build configuration list for PBXNativeTarget "Check_Lists_swiftTests" */;
			buildPhases = (
				08541B66221E96E700786A1B /* Sources */,
				08541B67221E96E700786A1B /* Frameworks */,
				08541B68221E96E700786A1B /* Resources */,
			);
			buildRules = (
			);
			dependencies = (
				08541B6C221E96E700786A1B /* PBXTargetDependency */,
			);
			name = Check_Lists_swiftTests;
			productName = Check_Lists_swiftTests;
			productReference = 08541B6A221E96E700786A1B /* Check_Lists_swiftTests.xctest */;
			productType = "com.apple.product-type.bundle.unit-test";
		};
		08541B74221E96E800786A1B /* Check_Lists_swiftUITests */ = {
			isa = PBXNativeTarget;
			buildConfigurationList = 08541B84221E96E800786A1B /* Build configuration list for PBXNativeTarget "Check_Lists_swiftUITests" */;
			buildPhases = (
				08541B71221E96E800786A1B /* Sources */,
				08541B72221E96E800786A1B /* Frameworks */,
				08541B73221E96E800786A1B /* Resources */,
			);
			buildRules = (
			);
			dependencies = (
				08541B77221E96E800786A1B /* PBXTargetDependency */,
			);
			name = Check_Lists_swiftUITests;
			productName = Check_Lists_swiftUITests;
			productReference = 08541B75221E96E800786A1B /* Check_Lists_swiftUITests.xctest */;
			productType = "com.apple.product-type.bundle.ui-testing";
		};
/* End PBXNativeTarget section */

/* Begin PBXProject section */
		08541B4E221E96E600786A1B /* Project object */ = {
			isa = PBXProject;
			attributes = {
				LastSwiftUpdateCheck = 1000;
				LastUpgradeCheck = 1000;
				ORGANIZATIONNAME = lpiem;
				TargetAttributes = {
					08541B55221E96E700786A1B = {
						CreatedOnToolsVersion = 10.0;
					};
					08541B69221E96E700786A1B = {
						CreatedOnToolsVersion = 10.0;
						TestTargetID = 08541B55221E96E700786A1B;
					};
					08541B74221E96E800786A1B = {
						CreatedOnToolsVersion = 10.0;
						TestTargetID = 08541B55221E96E700786A1B;
					};
				};
			};
			buildConfigurationList = 08541B51221E96E600786A1B /* Build configuration list for PBXProject "Check_Lists_swift" */;
			compatibilityVersion = "Xcode 9.3";
			developmentRegion = en;
			hasScannedForEncodings = 0;
			knownRegions = (
				en,
				Base,
			);
			mainGroup = 08541B4D221E96E600786A1B;
			productRefGroup = 08541B57221E96E700786A1B /* Products */;
			projectDirPath = "";
			projectRoot = "";
			targets = (
				08541B55221E96E700786A1B /* Check_Lists_swift */,
				08541B69221E96E700786A1B /* Check_Lists_swiftTests */,
				08541B74221E96E800786A1B /* Check_Lists_swiftUITests */,
			);
		};
/* End PBXProject section */

/* Begin PBXResourcesBuildPhase section */
		08541B54221E96E700786A1B /* Resources */ = {
			isa = PBXResourcesBuildPhase;
			buildActionMask = 2147483647;
			files = (
				08541B64221E96E700786A1B /* LaunchScreen.storyboard in Resources */,
				08541B61221E96E700786A1B /* Assets.xcassets in Resources */,
				08541B5F221E96E700786A1B /* Main.storyboard in Resources */,
			);
			runOnlyForDeploymentPostprocessing = 0;
		};
		08541B68221E96E700786A1B /* Resources */ = {
			isa = PBXResourcesBuildPhase;
			buildActionMask = 2147483647;
			files = (
			);
			runOnlyForDeploymentPostprocessing = 0;
		};
		08541B73221E96E800786A1B /* Resources */ = {
			isa = PBXResourcesBuildPhase;
			buildActionMask = 2147483647;
			files = (
			);
			runOnlyForDeploymentPostprocessing = 0;
		};
/* End PBXResourcesBuildPhase section */

/* Begin PBXSourcesBuildPhase section */
		08541B52221E96E700786A1B /* Sources */ = {
			isa = PBXSourcesBuildPhase;
			buildActionMask = 2147483647;
			files = (
				08541B5C221E96E700786A1B /* ChecklistViewController.swift in Sources */,
				08541B91221EF9C500786A1B /* AddItemViewController.swift in Sources */,
				08541B8B221EA94F00786A1B /* ChecklistItem.swift in Sources */,
				08541B5A221E96E700786A1B /* AppDelegate.swift in Sources */,
			);
			runOnlyForDeploymentPostprocessing = 0;
		};
		08541B66221E96E700786A1B /* Sources */ = {
			isa = PBXSourcesBuildPhase;
			buildActionMask = 2147483647;
			files = (
				08541B6F221E96E700786A1B /* Check_Lists_swiftTests.swift in Sources */,
			);
			runOnlyForDeploymentPostprocessing = 0;
		};
		08541B71221E96E800786A1B /* Sources */ = {
			isa = PBXSourcesBuildPhase;
			buildActionMask = 2147483647;
			files = (
				08541B7A221E96E800786A1B /* Check_Lists_swiftUITests.swift in Sources */,
			);
			runOnlyForDeploymentPostprocessing = 0;
		};
/* End PBXSourcesBuildPhase section */

/* Begin PBXTargetDependency section */
		08541B6C221E96E700786A1B /* PBXTargetDependency */ = {
			isa = PBXTargetDependency;
			target = 08541B55221E96E700786A1B /* Check_Lists_swift */;
			targetProxy = 08541B6B221E96E700786A1B /* PBXContainerItemProxy */;
		};
		08541B77221E96E800786A1B /* PBXTargetDependency */ = {
			isa = PBXTargetDependency;
			target = 08541B55221E96E700786A1B /* Check_Lists_swift */;
			targetProxy = 08541B76221E96E800786A1B /* PBXContainerItemProxy */;
		};
/* End PBXTargetDependency section */

/* Begin PBXVariantGroup section */
		08541B5D221E96E700786A1B /* Main.storyboard */ = {
			isa = PBXVariantGroup;
			children = (
				08541B5E221E96E700786A1B /* Base */,
			);
			name = Main.storyboard;
			sourceTree = "<group>";
		};
		08541B62221E96E700786A1B /* LaunchScreen.storyboard */ = {
			isa = PBXVariantGroup;
			children = (
				08541B63221E96E700786A1B /* Base */,
			);
			name = LaunchScreen.storyboard;
			sourceTree = "<group>";
		};
/* End PBXVariantGroup section */

/* Begin XCBuildConfiguration section */
		08541B7C221E96E800786A1B /* Debug */ = {
			isa = XCBuildConfiguration;
			buildSettings = {
				ALWAYS_SEARCH_USER_PATHS = NO;
				CLANG_ANALYZER_NONNULL = YES;
				CLANG_ANALYZER_NUMBER_OBJECT_CONVERSION = YES_AGGRESSIVE;
				CLANG_CXX_LANGUAGE_STANDARD = "gnu++14";
				CLANG_CXX_LIBRARY = "libc++";
				CLANG_ENABLE_MODULES = YES;
				CLANG_ENABLE_OBJC_ARC = YES;
				CLANG_ENABLE_OBJC_WEAK = YES;
				CLANG_WARN_BLOCK_CAPTURE_AUTORELEASING = YES;
				CLANG_WARN_BOOL_CONVERSION = YES;
				CLANG_WARN_COMMA = YES;
				CLANG_WARN_CONSTANT_CONVERSION = YES;
				CLANG_WARN_DEPRECATED_OBJC_IMPLEMENTATIONS = YES;
				CLANG_WARN_DIRECT_OBJC_ISA_USAGE = YES_ERROR;
				CLANG_WARN_DOCUMENTATION_COMMENTS = YES;
				CLANG_WARN_EMPTY_BODY = YES;
				CLANG_WARN_ENUM_CONVERSION = YES;
				CLANG_WARN_INFINITE_RECURSION = YES;
				CLANG_WARN_INT_CONVERSION = YES;
				CLANG_WARN_NON_LITERAL_NULL_CONVERSION = YES;
				CLANG_WARN_OBJC_IMPLICIT_RETAIN_SELF = YES;
				CLANG_WARN_OBJC_LITERAL_CONVERSION = YES;
				CLANG_WARN_OBJC_ROOT_CLASS = YES_ERROR;
				CLANG_WARN_RANGE_LOOP_ANALYSIS = YES;
				CLANG_WARN_STRICT_PROTOTYPES = YES;
				CLANG_WARN_SUSPICIOUS_MOVE = YES;
				CLANG_WARN_UNGUARDED_AVAILABILITY = YES_AGGRESSIVE;
				CLANG_WARN_UNREACHABLE_CODE = YES;
				CLANG_WARN__DUPLICATE_METHOD_MATCH = YES;
				CODE_SIGN_IDENTITY = "iPhone Developer";
				COPY_PHASE_STRIP = NO;
				DEBUG_INFORMATION_FORMAT = dwarf;
				ENABLE_STRICT_OBJC_MSGSEND = YES;
				ENABLE_TESTABILITY = YES;
				GCC_C_LANGUAGE_STANDARD = gnu11;
				GCC_DYNAMIC_NO_PIC = NO;
				GCC_NO_COMMON_BLOCKS = YES;
				GCC_OPTIMIZATION_LEVEL = 0;
				GCC_PREPROCESSOR_DEFINITIONS = (
					"DEBUG=1",
					"$(inherited)",
				);
				GCC_WARN_64_TO_32_BIT_CONVERSION = YES;
				GCC_WARN_ABOUT_RETURN_TYPE = YES_ERROR;
				GCC_WARN_UNDECLARED_SELECTOR = YES;
				GCC_WARN_UNINITIALIZED_AUTOS = YES_AGGRESSIVE;
				GCC_WARN_UNUSED_FUNCTION = YES;
				GCC_WARN_UNUSED_VARIABLE = YES;
				IPHONEOS_DEPLOYMENT_TARGET = 12.0;
				MTL_ENABLE_DEBUG_INFO = INCLUDE_SOURCE;
				MTL_FAST_MATH = YES;
				ONLY_ACTIVE_ARCH = YES;
				SDKROOT = iphoneos;
				SWIFT_ACTIVE_COMPILATION_CONDITIONS = DEBUG;
				SWIFT_OPTIMIZATION_LEVEL = "-Onone";
			};
			name = Debug;
		};
		08541B7D221E96E800786A1B /* Release */ = {
			isa = XCBuildConfiguration;
			buildSettings = {
				ALWAYS_SEARCH_USER_PATHS = NO;
				CLANG_ANALYZER_NONNULL = YES;
				CLANG_ANALYZER_NUMBER_OBJECT_CONVERSION = YES_AGGRESSIVE;
				CLANG_CXX_LANGUAGE_STANDARD = "gnu++14";
				CLANG_CXX_LIBRARY = "libc++";
				CLANG_ENABLE_MODULES = YES;
				CLANG_ENABLE_OBJC_ARC = YES;
				CLANG_ENABLE_OBJC_WEAK = YES;
				CLANG_WARN_BLOCK_CAPTURE_AUTORELEASING = YES;
				CLANG_WARN_BOOL_CONVERSION = YES;
				CLANG_WARN_COMMA = YES;
				CLANG_WARN_CONSTANT_CONVERSION = YES;
				CLANG_WARN_DEPRECATED_OBJC_IMPLEMENTATIONS = YES;
				CLANG_WARN_DIRECT_OBJC_ISA_USAGE = YES_ERROR;
				CLANG_WARN_DOCUMENTATION_COMMENTS = YES;
				CLANG_WARN_EMPTY_BODY = YES;
				CLANG_WARN_ENUM_CONVERSION = YES;
				CLANG_WARN_INFINITE_RECURSION = YES;
				CLANG_WARN_INT_CONVERSION = YES;
				CLANG_WARN_NON_LITERAL_NULL_CONVERSION = YES;
				CLANG_WARN_OBJC_IMPLICIT_RETAIN_SELF = YES;
				CLANG_WARN_OBJC_LITERAL_CONVERSION = YES;
				CLANG_WARN_OBJC_ROOT_CLASS = YES_ERROR;
				CLANG_WARN_RANGE_LOOP_ANALYSIS = YES;
				CLANG_WARN_STRICT_PROTOTYPES = YES;
				CLANG_WARN_SUSPICIOUS_MOVE = YES;
				CLANG_WARN_UNGUARDED_AVAILABILITY = YES_AGGRESSIVE;
				CLANG_WARN_UNREACHABLE_CODE = YES;
				CLANG_WARN__DUPLICATE_METHOD_MATCH = YES;
				CODE_SIGN_IDENTITY = "iPhone Developer";
				COPY_PHASE_STRIP = NO;
				DEBUG_INFORMATION_FORMAT = "dwarf-with-dsym";
				ENABLE_NS_ASSERTIONS = NO;
				ENABLE_STRICT_OBJC_MSGSEND = YES;
				GCC_C_LANGUAGE_STANDARD = gnu11;
				GCC_NO_COMMON_BLOCKS = YES;
				GCC_WARN_64_TO_32_BIT_CONVERSION = YES;
				GCC_WARN_ABOUT_RETURN_TYPE = YES_ERROR;
				GCC_WARN_UNDECLARED_SELECTOR = YES;
				GCC_WARN_UNINITIALIZED_AUTOS = YES_AGGRESSIVE;
				GCC_WARN_UNUSED_FUNCTION = YES;
				GCC_WARN_UNUSED_VARIABLE = YES;
				IPHONEOS_DEPLOYMENT_TARGET = 12.0;
				MTL_ENABLE_DEBUG_INFO = NO;
				MTL_FAST_MATH = YES;
				SDKROOT = iphoneos;
				SWIFT_COMPILATION_MODE = wholemodule;
				SWIFT_OPTIMIZATION_LEVEL = "-O";
				VALIDATE_PRODUCT = YES;
			};
			name = Release;
		};
		08541B7F221E96E800786A1B /* Debug */ = {
			isa = XCBuildConfiguration;
			buildSettings = {
				ASSETCATALOG_COMPILER_APPICON_NAME = AppIcon;
				CODE_SIGN_STYLE = Automatic;
				DEVELOPMENT_TEAM = T4CLTWL9DU;
				INFOPLIST_FILE = Check_Lists_swift/Info.plist;
				LD_RUNPATH_SEARCH_PATHS = (
					"$(inherited)",
					"@executable_path/Frameworks",
				);
				PRODUCT_BUNDLE_IDENTIFIER = EB;
				PRODUCT_NAME = "$(TARGET_NAME)";
				SWIFT_VERSION = 4.2;
				TARGETED_DEVICE_FAMILY = "1,2";
			};
			name = Debug;
		};
		08541B80221E96E800786A1B /* Release */ = {
			isa = XCBuildConfiguration;
			buildSettings = {
				ASSETCATALOG_COMPILER_APPICON_NAME = AppIcon;
				CODE_SIGN_STYLE = Automatic;
				DEVELOPMENT_TEAM = T4CLTWL9DU;
				INFOPLIST_FILE = Check_Lists_swift/Info.plist;
				LD_RUNPATH_SEARCH_PATHS = (
					"$(inherited)",
					"@executable_path/Frameworks",
				);
				PRODUCT_BUNDLE_IDENTIFIER = EB;
				PRODUCT_NAME = "$(TARGET_NAME)";
				SWIFT_VERSION = 4.2;
				TARGETED_DEVICE_FAMILY = "1,2";
			};
			name = Release;
		};
		08541B82221E96E800786A1B /* Debug */ = {
			isa = XCBuildConfiguration;
			buildSettings = {
				ALWAYS_EMBED_SWIFT_STANDARD_LIBRARIES = YES;
				BUNDLE_LOADER = "$(TEST_HOST)";
				CODE_SIGN_STYLE = Automatic;
				INFOPLIST_FILE = Check_Lists_swiftTests/Info.plist;
				LD_RUNPATH_SEARCH_PATHS = (
					"$(inherited)",
					"@executable_path/Frameworks",
					"@loader_path/Frameworks",
				);
				PRODUCT_BUNDLE_IDENTIFIER = "fr.lp.iem.Check-Lists-swiftTests";
				PRODUCT_NAME = "$(TARGET_NAME)";
				SWIFT_VERSION = 4.2;
				TARGETED_DEVICE_FAMILY = "1,2";
				TEST_HOST = "$(BUILT_PRODUCTS_DIR)/Check_Lists_swift.app/Check_Lists_swift";
			};
			name = Debug;
		};
		08541B83221E96E800786A1B /* Release */ = {
			isa = XCBuildConfiguration;
			buildSettings = {
				ALWAYS_EMBED_SWIFT_STANDARD_LIBRARIES = YES;
				BUNDLE_LOADER = "$(TEST_HOST)";
				CODE_SIGN_STYLE = Automatic;
				INFOPLIST_FILE = Check_Lists_swiftTests/Info.plist;
				LD_RUNPATH_SEARCH_PATHS = (
					"$(inherited)",
					"@executable_path/Frameworks",
					"@loader_path/Frameworks",
				);
				PRODUCT_BUNDLE_IDENTIFIER = "fr.lp.iem.Check-Lists-swiftTests";
				PRODUCT_NAME = "$(TARGET_NAME)";
				SWIFT_VERSION = 4.2;
				TARGETED_DEVICE_FAMILY = "1,2";
				TEST_HOST = "$(BUILT_PRODUCTS_DIR)/Check_Lists_swift.app/Check_Lists_swift";
			};
			name = Release;
		};
		08541B85221E96E800786A1B /* Debug */ = {
			isa = XCBuildConfiguration;
			buildSettings = {
				ALWAYS_EMBED_SWIFT_STANDARD_LIBRARIES = YES;
				CODE_SIGN_STYLE = Automatic;
				INFOPLIST_FILE = Check_Lists_swiftUITests/Info.plist;
				LD_RUNPATH_SEARCH_PATHS = (
					"$(inherited)",
					"@executable_path/Frameworks",
					"@loader_path/Frameworks",
				);
				PRODUCT_BUNDLE_IDENTIFIER = "fr.lp.iem.Check-Lists-swiftUITests";
				PRODUCT_NAME = "$(TARGET_NAME)";
				SWIFT_VERSION = 4.2;
				TARGETED_DEVICE_FAMILY = "1,2";
				TEST_TARGET_NAME = Check_Lists_swift;
			};
			name = Debug;
		};
		08541B86221E96E800786A1B /* Release */ = {
			isa = XCBuildConfiguration;
			buildSettings = {
				ALWAYS_EMBED_SWIFT_STANDARD_LIBRARIES = YES;
				CODE_SIGN_STYLE = Automatic;
				INFOPLIST_FILE = Check_Lists_swiftUITests/Info.plist;
				LD_RUNPATH_SEARCH_PATHS = (
					"$(inherited)",
					"@executable_path/Frameworks",
					"@loader_path/Frameworks",
				);
				PRODUCT_BUNDLE_IDENTIFIER = "fr.lp.iem.Check-Lists-swiftUITests";
				PRODUCT_NAME = "$(TARGET_NAME)";
				SWIFT_VERSION = 4.2;
				TARGETED_DEVICE_FAMILY = "1,2";
				TEST_TARGET_NAME = Check_Lists_swift;
			};
			name = Release;
		};
/* End XCBuildConfiguration section */

/* Begin XCConfigurationList section */
		08541B51221E96E600786A1B /* Build configuration list for PBXProject "Check_Lists_swift" */ = {
			isa = XCConfigurationList;
			buildConfigurations = (
				08541B7C221E96E800786A1B /* Debug */,
				08541B7D221E96E800786A1B /* Release */,
			);
			defaultConfigurationIsVisible = 0;
			defaultConfigurationName = Release;
		};
		08541B7E221E96E800786A1B /* Build configuration list for PBXNativeTarget "Check_Lists_swift" */ = {
			isa = XCConfigurationList;
			buildConfigurations = (
				08541B7F221E96E800786A1B /* Debug */,
				08541B80221E96E800786A1B /* Release */,
			);
			defaultConfigurationIsVisible = 0;
			defaultConfigurationName = Release;
		};
		08541B81221E96E800786A1B /* Build configuration list for PBXNativeTarget "Check_Lists_swiftTests" */ = {
			isa = XCConfigurationList;
			buildConfigurations = (
				08541B82221E96E800786A1B /* Debug */,
				08541B83221E96E800786A1B /* Release */,
			);
			defaultConfigurationIsVisible = 0;
			defaultConfigurationName = Release;
		};
		08541B84221E96E800786A1B /* Build configuration list for PBXNativeTarget "Check_Lists_swiftUITests" */ = {
			isa = XCConfigurationList;
			buildConfigurations = (
				08541B85221E96E800786A1B /* Debug */,
				08541B86221E96E800786A1B /* Release */,
			);
			defaultConfigurationIsVisible = 0;
			defaultConfigurationName = Release;
		};
/* End XCConfigurationList section */
	};
	rootObject = 08541B4E221E96E600786A1B /* Project object */;
}
